
Microsoft Visual Studio Solution File, Format Version 12.00
# Visual Studio Version 17
VisualStudioVersion = 17.5.33627.172
MinimumVisualStudioVersion = 10.0.40219.1
Project("{888888A0-9F3D-457C-B088-3A5042F75D52}") = "K means clustering", "K means clustering.pyproj", "{50A6FB4D-F907-4634-877C-3AAD7E2D4ECE}"
EndProject
Global
	GlobalSection(SolutionConfigurationPlatforms) = preSolution
		Debug|Any CPU = Debug|Any CPU
		Release|Any CPU = Release|Any CPU
	EndGlobalSection
	GlobalSection(ProjectConfigurationPlatforms) = postSolution
		{50A6FB4D-F907-4634-877C-3AAD7E2D4ECE}.Debug|Any CPU.ActiveCfg = Debug|Any CPU
		{50A6FB4D-F907-4634-877C-3AAD7E2D4ECE}.Release|Any CPU.ActiveCfg = Release|Any CPU
	EndGlobalSection
	GlobalSection(SolutionProperties) = preSolution
		HideSolutionNode = FALSE
	EndGlobalSection
	GlobalSection(ExtensibilityGlobals) = postSolution
		SolutionGuid = {BA1AD7B6-9AF2-433B-ADDD-218BABC5ADA6}
	EndGlobalSection
EndGlobal
